
Microsoft Visual Studio Solution File, Format Version 12.00
# Visual Studio Version 16
VisualStudioVersion = 16.0.29509.3
MinimumVisualStudioVersion = 10.0.40219.1
Project("{FAE04EC0-301F-11D3-BF4B-00C04F79EFBC}") = "QuotesApi", "QuotesApi\QuotesApi.csproj", "{4A802956-DFAB-4CE4-99EB-F2973A074B8B}"
EndProject
Global
	GlobalSection(SolutionConfigurationPlatforms) = preSolution
		Debug|Any CPU = Debug|Any CPU
		Release|Any CPU = Release|Any CPU
	EndGlobalSection
	GlobalSection(ProjectConfigurationPlatforms) = postSolution
		{4A802956-DFAB-4CE4-99EB-F2973A074B8B}.Debug|Any CPU.ActiveCfg = Debug|Any CPU
		{4A802956-DFAB-4CE4-99EB-F2973A074B8B}.Debug|Any CPU.Build.0 = Debug|Any CPU
		{4A802956-DFAB-4CE4-99EB-F2973A074B8B}.Release|Any CPU.ActiveCfg = Release|Any CPU
		{4A802956-DFAB-4CE4-99EB-F2973A074B8B}.Release|Any CPU.Build.0 = Release|Any CPU
	EndGlobalSection
	GlobalSection(SolutionProperties) = preSolution
		HideSolutionNode = FALSE
	EndGlobalSection
	GlobalSection(ExtensibilityGlobals) = postSolution
		SolutionGuid = {18A9AEE6-AE6A-46D3-A2C8-B2B996C6A20C}
	EndGlobalSection
EndGlobal
